
Microsoft Visual Studio Solution File, Format Version 12.00
# Visual Studio Version 16
VisualStudioVersion = 16.0.31112.23
MinimumVisualStudioVersion = 10.0.40219.1
Project("{FAE04EC0-301F-11D3-BF4B-00C04F79EFBC}") = "testi", "testi\testi.csproj", "{2B7D80D6-85F8-4C61-881C-EF759ADD4347}"
EndProject
Global
	GlobalSection(SolutionConfigurationPlatforms) = preSolution
		Debug|Any CPU = Debug|Any CPU
		Release|Any CPU = Release|Any CPU
	EndGlobalSection
	GlobalSection(ProjectConfigurationPlatforms) = postSolution
		{2B7D80D6-85F8-4C61-881C-EF759ADD4347}.Debug|Any CPU.ActiveCfg = Debug|Any CPU
		{2B7D80D6-85F8-4C61-881C-EF759ADD4347}.Debug|Any CPU.Build.0 = Debug|Any CPU
		{2B7D80D6-85F8-4C61-881C-EF759ADD4347}.Release|Any CPU.ActiveCfg = Release|Any CPU
		{2B7D80D6-85F8-4C61-881C-EF759ADD4347}.Release|Any CPU.Build.0 = Release|Any CPU
	EndGlobalSection
	GlobalSection(SolutionProperties) = preSolution
		HideSolutionNode = FALSE
	EndGlobalSection
	GlobalSection(ExtensibilityGlobals) = postSolution
		SolutionGuid = {578DA01D-4B2F-4CD0-A9AE-64E8856F26A5}
	EndGlobalSection
EndGlobal
